// !$*UTF8*$!
{
	archiveVersion = 1;
	classes = {
	};
	objectVersion = 46;
	objects = {

/* Begin PBXBuildFile section */
		BE38D2CE1B909E8700F052A2 /* AppDelegate.swift in Sources */ = {isa = PBXBuildFile; fileRef = BE38D2CD1B909E8700F052A2 /* AppDelegate.swift */; };
		BE38D2D01B909E8700F052A2 /* ViewController.swift in Sources */ = {isa = PBXBuildFile; fileRef = BE38D2CF1B909E8700F052A2 /* ViewController.swift */; };
		BE38D2D31B909E8700F052A2 /* Main.storyboard in Resources */ = {isa = PBXBuildFile; fileRef = BE38D2D11B909E8700F052A2 /* Main.storyboard */; };
		BE38D2D51B909E8700F052A2 /* Images.xcassets in Resources */ = {isa = PBXBuildFile; fileRef = BE38D2D41B909E8700F052A2 /* Images.xcassets */; };
		BE38D2D81B909E8700F052A2 /* LaunchScreen.xib in Resources */ = {isa = PBXBuildFile; fileRef = BE38D2D61B909E8700F052A2 /* LaunchScreen.xib */; };
		BE38D2E41B909E8800F052A2 /* KDGradientViewTests.swift in Sources */ = {isa = PBXBuildFile; fileRef = BE38D2E31B909E8800F052A2 /* KDGradientViewTests.swift */; };
		BE38D2EE1B909EB100F052A2 /* GradientView.swift in Sources */ = {isa = PBXBuildFile; fileRef = BE38D2ED1B909EB100F052A2 /* GradientView.swift */; };
/* End PBXBuildFile section */

/* Begin PBXContainerItemProxy section */
		BE38D2DE1B909E8800F052A2 /* PBXContainerItemProxy */ = {
			isa = PBXContainerItemProxy;
			containerPortal = BE38D2C01B909E8700F052A2 /* Project object */;
			proxyType = 1;
			remoteGlobalIDString = BE38D2C71B909E8700F052A2;
			remoteInfo = KDGradientView;
		};
/* End PBXContainerItemProxy section */

/* Begin PBXFileReference section */
		BE38D2C81B909E8700F052A2 /* KDGradientView.app */ = {isa = PBXFileReference; explicitFileType = wrapper.application; includeInIndex = 0; path = KDGradientView.app; sourceTree = BUILT_PRODUCTS_DIR; };
		BE38D2CC1B909E8700F052A2 /* Info.plist */ = {isa = PBXFileReference; lastKnownFileType = text.plist.xml; path = Info.plist; sourceTree = "<group>"; };
		BE38D2CD1B909E8700F052A2 /* AppDelegate.swift */ = {isa = PBXFileReference; lastKnownFileType = sourcecode.swift; path = AppDelegate.swift; sourceTree = "<group>"; };
		BE38D2CF1B909E8700F052A2 /* ViewController.swift */ = {isa = PBXFileReference; lastKnownFileType = sourcecode.swift; path = ViewController.swift; sourceTree = "<group>"; };
		BE38D2D21B909E8700F052A2 /* Base */ = {isa = PBXFileReference; lastKnownFileType = file.storyboard; name = Base; path = Base.lproj/Main.storyboard; sourceTree = "<group>"; };
		BE38D2D41B909E8700F052A2 /* Images.xcassets */ = {isa = PBXFileReference; lastKnownFileType = folder.assetcatalog; path = Images.xcassets; sourceTree = "<group>"; };
		BE38D2D71B909E8700F052A2 /* Base */ = {isa = PBXFileReference; lastKnownFileType = file.xib; name = Base; path = Base.lproj/LaunchScreen.xib; sourceTree = "<group>"; };
		BE38D2DD1B909E8800F052A2 /* KDGradientViewTests.xctest */ = {isa = PBXFileReference; explicitFileType = wrapper.cfbundle; includeInIndex = 0; path = KDGradientViewTests.xctest; sourceTree = BUILT_PRODUCTS_DIR; };
		BE38D2E21B909E8800F052A2 /* Info.plist */ = {isa = PBXFileReference; lastKnownFileType = text.plist.xml; path = Info.plist; sourceTree = "<group>"; };
		BE38D2E31B909E8800F052A2 /* KDGradientViewTests.swift */ = {isa = PBXFileReference; lastKnownFileType = sourcecode.swift; path = KDGradientViewTests.swift; sourceTree = "<group>"; };
		BE38D2ED1B909EB100F052A2 /* GradientView.swift */ = {isa = PBXFileReference; fileEncoding = 4; lastKnownFileType = sourcecode.swift; path = GradientView.swift; sourceTree = "<group>"; };
/* End PBXFileReference section */

/* Begin PBXFrameworksBuildPhase section */
		BE38D2C51B909E8700F052A2 /* Frameworks */ = {
			isa = PBXFrameworksBuildPhase;
			buildActionMask = 2147483647;
			files = (
			);
			runOnlyForDeploymentPostprocessing = 0;
		};
		BE38D2DA1B909E8800F052A2 /* Frameworks */ = {
			isa = PBXFrameworksBuildPhase;
			buildActionMask = 2147483647;
			files = (
			);
			runOnlyForDeploymentPostprocessing = 0;
		};
/* End PBXFrameworksBuildPhase section */

/* Begin PBXGroup section */
		BE38D2BF1B909E8700F052A2 = {
			isa = PBXGroup;
			children = (
				BE38D2CA1B909E8700F052A2 /* KDGradientView */,
				BE38D2E01B909E8800F052A2 /* KDGradientViewTests */,
				BE38D2C91B909E8700F052A2 /* Products */,
			);
			sourceTree = "<group>";
		};
		BE38D2C91B909E8700F052A2 /* Products */ = {
			isa = PBXGroup;
			children = (
				BE38D2C81B909E8700F052A2 /* KDGradientView.app */,
				BE38D2DD1B909E8800F052A2 /* KDGradientViewTests.xctest */,
			);
			name = Products;
			sourceTree = "<group>";
		};
		BE38D2CA1B909E8700F052A2 /* KDGradientView */ = {
			isa = PBXGroup;
			children = (
				BE38D2CD1B909E8700F052A2 /* AppDelegate.swift */,
				BE38D2ED1B909EB100F052A2 /* GradientView.swift */,
				BE38D2CF1B909E8700F052A2 /* ViewController.swift */,
				BE38D2D11B909E8700F052A2 /* Main.storyboard */,
				BE38D2D41B909E8700F052A2 /* Images.xcassets */,
				BE38D2D61B909E8700F052A2 /* LaunchScreen.xib */,
				BE38D2CB1B909E8700F052A2 /* Supporting Files */,
			);
			path = KDGradientView;
			sourceTree = "<group>";
		};
		BE38D2CB1B909E8700F052A2 /* Supporting Files */ = {
			isa = PBXGroup;
			children = (
				BE38D2CC1B909E8700F052A2 /* Info.plist */,
			);
			name = "Supporting Files";
			sourceTree = "<group>";
		};
		BE38D2E01B909E8800F052A2 /* KDGradientViewTests */ = {
			isa = PBXGroup;
			children = (
				BE38D2E31B909E8800F052A2 /* KDGradientViewTests.swift */,
				BE38D2E11B909E8800F052A2 /* Supporting Files */,
			);
			path = KDGradientViewTests;
			sourceTree = "<group>";
		};
		BE38D2E11B909E8800F052A2 /* Supporting Files */ = {
			isa = PBXGroup;
			children = (
				BE38D2E21B909E8800F052A2 /* Info.plist */,
			);
			name = "Supporting Files";
			sourceTree = "<group>";
		};
/* End PBXGroup section */

/* Begin PBXNativeTarget section */
		BE38D2C71B909E8700F052A2 /* KDGradientView */ = {
			isa = PBXNativeTarget;
			buildConfigurationList = BE38D2E71B909E8800F052A2 /* Build configuration list for PBXNativeTarget "KDGradientView" */;
			buildPhases = (
				BE38D2C41B909E8700F052A2 /* Sources */,
				BE38D2C51B909E8700F052A2 /* Frameworks */,
				BE38D2C61B909E8700F052A2 /* Resources */,
			);
			buildRules = (
			);
			dependencies = (
			);
			name = KDGradientView;
			productName = KDGradientView;
			productReference = BE38D2C81B909E8700F052A2 /* KDGradientView.app */;
			productType = "com.apple.product-type.application";
		};
		BE38D2DC1B909E8800F052A2 /* KDGradientViewTests */ = {
			isa = PBXNativeTarget;
			buildConfigurationList = BE38D2EA1B909E8800F052A2 /* Build configuration list for PBXNativeTarget "KDGradientViewTests" */;
			buildPhases = (
				BE38D2D91B909E8800F052A2 /* Sources */,
				BE38D2DA1B909E8800F052A2 /* Frameworks */,
				BE38D2DB1B909E8800F052A2 /* Resources */,
			);
			buildRules = (
			);
			dependencies = (
				BE38D2DF1B909E8800F052A2 /* PBXTargetDependency */,
			);
			name = KDGradientViewTests;
			productName = KDGradientViewTests;
			productReference = BE38D2DD1B909E8800F052A2 /* KDGradientViewTests.xctest */;
			productType = "com.apple.product-type.bundle.unit-test";
		};
/* End PBXNativeTarget section */

/* Begin PBXProject section */
		BE38D2C01B909E8700F052A2 /* Project object */ = {
			isa = PBXProject;
			attributes = {
				LastUpgradeCheck = 0640;
				ORGANIZATIONNAME = karmadust;
				TargetAttributes = {
					BE38D2C71B909E8700F052A2 = {
						CreatedOnToolsVersion = 6.4;
					};
					BE38D2DC1B909E8800F052A2 = {
						CreatedOnToolsVersion = 6.4;
						TestTargetID = BE38D2C71B909E8700F052A2;
					};
				};
			};
			buildConfigurationList = BE38D2C31B909E8700F052A2 /* Build configuration list for PBXProject "KDGradientView" */;
			compatibilityVersion = "Xcode 3.2";
			developmentRegion = English;
			hasScannedForEncodings = 0;
			knownRegions = (
				en,
				Base,
			);
			mainGroup = BE38D2BF1B909E8700F052A2;
			productRefGroup = BE38D2C91B909E8700F052A2 /* Products */;
			projectDirPath = "";
			projectRoot = "";
			targets = (
				BE38D2C71B909E8700F052A2 /* KDGradientView */,
				BE38D2DC1B909E8800F052A2 /* KDGradientViewTests */,
			);
		};
/* End PBXProject section */

/* Begin PBXResourcesBuildPhase section */
		BE38D2C61B909E8700F052A2 /* Resources */ = {
			isa = PBXResourcesBuildPhase;
			buildActionMask = 2147483647;
			files = (
				BE38D2D31B909E8700F052A2 /* Main.storyboard in Resources */,
				BE38D2D81B909E8700F052A2 /* LaunchScreen.xib in Resources */,
				BE38D2D51B909E8700F052A2 /* Images.xcassets in Resources */,
			);
			runOnlyForDeploymentPostprocessing = 0;
		};
		BE38D2DB1B909E8800F052A2 /* Resources */ = {
			isa = PBXResourcesBuildPhase;
			buildActionMask = 2147483647;
			files = (
			);
			runOnlyForDeploymentPostprocessing = 0;
		};
/* End PBXResourcesBuildPhase section */

/* Begin PBXSourcesBuildPhase section */
		BE38D2C41B909E8700F052A2 /* Sources */ = {
			isa = PBXSourcesBuildPhase;
			buildActionMask = 2147483647;
			files = (
				BE38D2D01B909E8700F052A2 /* ViewController.swift in Sources */,
				BE38D2CE1B909E8700F052A2 /* AppDelegate.swift in Sources */,
				BE38D2EE1B909EB100F052A2 /* GradientView.swift in Sources */,
			);
			runOnlyForDeploymentPostprocessing = 0;
		};
		BE38D2D91B909E8800F052A2 /* Sources */ = {
			isa = PBXSourcesBuildPhase;
			buildActionMask = 2147483647;
			files = (
				BE38D2E41B909E8800F052A2 /* KDGradientViewTests.swift in Sources */,
			);
			runOnlyForDeploymentPostprocessing = 0;
		};
/* End PBXSourcesBuildPhase section */

/* Begin PBXTargetDependency section */
		BE38D2DF1B909E8800F052A2 /* PBXTargetDependency */ = {
			isa = PBXTargetDependency;
			target = BE38D2C71B909E8700F052A2 /* KDGradientView */;
			targetProxy = BE38D2DE1B909E8800F052A2 /* PBXContainerItemProxy */;
		};
/* End PBXTargetDependency section */

/* Begin PBXVariantGroup section */
		BE38D2D11B909E8700F052A2 /* Main.storyboard */ = {
			isa = PBXVariantGroup;
			children = (
				BE38D2D21B909E8700F052A2 /* Base */,
			);
			name = Main.storyboard;
			sourceTree = "<group>";
		};
		BE38D2D61B909E8700F052A2 /* LaunchScreen.xib */ = {
			isa = PBXVariantGroup;
			children = (
				BE38D2D71B909E8700F052A2 /* Base */,
			);
			name = LaunchScreen.xib;
			sourceTree = "<group>";
		};
/* End PBXVariantGroup section */

/* Begin XCBuildConfiguration section */
		BE38D2E51B909E8800F052A2 /* Debug */ = {
			isa = XCBuildConfiguration;
			buildSettings = {
				ALWAYS_SEARCH_USER_PATHS = NO;
				CLANG_CXX_LANGUAGE_STANDARD = "gnu++0x";
				CLANG_CXX_LIBRARY = "libc++";
				CLANG_ENABLE_MODULES = YES;
				CLANG_ENABLE_OBJC_ARC = YES;
				CLANG_WARN_BOOL_CONVERSION = YES;
				CLANG_WARN_CONSTANT_CONVERSION = YES;
				CLANG_WARN_DIRECT_OBJC_ISA_USAGE = YES_ERROR;
				CLANG_WARN_EMPTY_BODY = YES;
				CLANG_WARN_ENUM_CONVERSION = YES;
				CLANG_WARN_INT_CONVERSION = YES;
				CLANG_WARN_OBJC_ROOT_CLASS = YES_ERROR;
				CLANG_WARN_UNREACHABLE_CODE = YES;
				CLANG_WARN__DUPLICATE_METHOD_MATCH = YES;
				"CODE_SIGN_IDENTITY[sdk=iphoneos*]" = "iPhone Developer";
				COPY_PHASE_STRIP = NO;
				DEBUG_INFORMATION_FORMAT = "dwarf-with-dsym";
				ENABLE_STRICT_OBJC_MSGSEND = YES;
				GCC_C_LANGUAGE_STANDARD = gnu99;
				GCC_DYNAMIC_NO_PIC = NO;
				GCC_NO_COMMON_BLOCKS = YES;
				GCC_OPTIMIZATION_LEVEL = 0;
				GCC_PREPROCESSOR_DEFINITIONS = (
					"DEBUG=1",
					"$(inherited)",
				);
				GCC_SYMBOLS_PRIVATE_EXTERN = NO;
				GCC_WARN_64_TO_32_BIT_CONVERSION = YES;
				GCC_WARN_ABOUT_RETURN_TYPE = YES_ERROR;
				GCC_WARN_UNDECLARED_SELECTOR = YES;
				GCC_WARN_UNINITIALIZED_AUTOS = YES_AGGRESSIVE;
				GCC_WARN_UNUSED_FUNCTION = YES;
				GCC_WARN_UNUSED_VARIABLE = YES;
				IPHONEOS_DEPLOYMENT_TARGET = 8.4;
				MTL_ENABLE_DEBUG_INFO = YES;
				ONLY_ACTIVE_ARCH = YES;
				SDKROOT = iphoneos;
				SWIFT_OPTIMIZATION_LEVEL = "-Onone";
			};
			name = Debug;
		};
		BE38D2E61B909E8800F052A2 /* Release */ = {
			isa = XCBuildConfiguration;
			buildSettings = {
				ALWAYS_SEARCH_USER_PATHS = NO;
				CLANG_CXX_LANGUAGE_STANDARD = "gnu++0x";
				CLANG_CXX_LIBRARY = "libc++";
				CLANG_ENABLE_MODULES = YES;
				CLANG_ENABLE_OBJC_ARC = YES;
				CLANG_WARN_BOOL_CONVERSION = YES;
				CLANG_WARN_CONSTANT_CONVERSION = YES;
				CLANG_WARN_DIRECT_OBJC_ISA_USAGE = YES_ERROR;
				CLANG_WARN_EMPTY_BODY = YES;
				CLANG_WARN_ENUM_CONVERSION = YES;
				CLANG_WARN_INT_CONVERSION = YES;
				CLANG_WARN_OBJC_ROOT_CLASS = YES_ERROR;
				CLANG_WARN_UNREACHABLE_CODE = YES;
				CLANG_WARN__DUPLICATE_METHOD_MATCH = YES;
				"CODE_SIGN_IDENTITY[sdk=iphoneos*]" = "iPhone Developer";
				COPY_PHASE_STRIP = NO;
				DEBUG_INFORMATION_FORMAT = "dwarf-with-dsym";
				ENABLE_NS_ASSERTIONS = NO;
				ENABLE_STRICT_OBJC_MSGSEND = YES;
				GCC_C_LANGUAGE_STANDARD = gnu99;
				GCC_NO_COMMON_BLOCKS = YES;
				GCC_WARN_64_TO_32_BIT_CONVERSION = YES;
				GCC_WARN_ABOUT_RETURN_TYPE = YES_ERROR;
				GCC_WARN_UNDECLARED_SELECTOR = YES;
				GCC_WARN_UNINITIALIZED_AUTOS = YES_AGGRESSIVE;
				GCC_WARN_UNUSED_FUNCTION = YES;
				GCC_WARN_UNUSED_VARIABLE = YES;
				IPHONEOS_DEPLOYMENT_TARGET = 8.4;
				MTL_ENABLE_DEBUG_INFO = NO;
				SDKROOT = iphoneos;
				VALIDATE_PRODUCT = YES;
			};
			name = Release;
		};
		BE38D2E81B909E8800F052A2 /* Debug */ = {
			isa = XCBuildConfiguration;
			buildSettings = {
				ASSETCATALOG_COMPILER_APPICON_NAME = AppIcon;
				INFOPLIST_FILE = KDGradientView/Info.plist;
				LD_RUNPATH_SEARCH_PATHS = "$(inherited) @executable_path/Frameworks";
				PRODUCT_NAME = "$(TARGET_NAME)";
			};
			name = Debug;
		};
		BE38D2E91B909E8800F052A2 /* Release */ = {
			isa = XCBuildConfiguration;
			buildSettings = {
				ASSETCATALOG_COMPILER_APPICON_NAME = AppIcon;
				INFOPLIST_FILE = KDGradientView/Info.plist;
				LD_RUNPATH_SEARCH_PATHS = "$(inherited) @executable_path/Frameworks";
				PRODUCT_NAME = "$(TARGET_NAME)";
			};
			name = Release;
		};
		BE38D2EB1B909E8800F052A2 /* Debug */ = {
			isa = XCBuildConfiguration;
			buildSettings = {
				BUNDLE_LOADER = "$(TEST_HOST)";
				FRAMEWORK_SEARCH_PATHS = (
					"$(SDKROOT)/Developer/Library/Frameworks",
					"$(inherited)",
				);
				GCC_PREPROCESSOR_DEFINITIONS = (
					"DEBUG=1",
					"$(inherited)",
				);
				INFOPLIST_FILE = KDGradientViewTests/Info.plist;
				LD_RUNPATH_SEARCH_PATHS = "$(inherited) @executable_path/Frameworks @loader_path/Frameworks";
				PRODUCT_NAME = "$(TARGET_NAME)";
				TEST_HOST = "$(BUILT_PRODUCTS_DIR)/KDGradientView.app/KDGradientView";
			};
			name = Debug;
		};
		BE38D2EC1B909E8800F052A2 /* Release */ = {
			isa = XCBuildConfiguration;
			buildSettings = {
				BUNDLE_LOADER = "$(TEST_HOST)";
				FRAMEWORK_SEARCH_PATHS = (
					"$(SDKROOT)/Developer/Library/Frameworks",
					"$(inherited)",
				);
				INFOPLIST_FILE = KDGradientViewTests/Info.plist;
				LD_RUNPATH_SEARCH_PATHS = "$(inherited) @executable_path/Frameworks @loader_path/Frameworks";
				PRODUCT_NAME = "$(TARGET_NAME)";
				TEST_HOST = "$(BUILT_PRODUCTS_DIR)/KDGradientView.app/KDGradientView";
			};
			name = Release;
		};
/* End XCBuildConfiguration section */

/* Begin XCConfigurationList section */
		BE38D2C31B909E8700F052A2 /* Build configuration list for PBXProject "KDGradientView" */ = {
			isa = XCConfigurationList;
			buildConfigurations = (
				BE38D2E51B909E8800F052A2 /* Debug */,
				BE38D2E61B909E8800F052A2 /* Release */,
			);
			defaultConfigurationIsVisible = 0;
			defaultConfigurationName = Release;
		};
		BE38D2E71B909E8800F052A2 /* Build configuration list for PBXNativeTarget "KDGradientView" */ = {
			isa = XCConfigurationList;
			buildConfigurations = (
				BE38D2E81B909E8800F052A2 /* Debug */,
				BE38D2E91B909E8800F052A2 /* Release */,
			);
			defaultConfigurationIsVisible = 0;
			defaultConfigurationName = Release;
		};
		BE38D2EA1B909E8800F052A2 /* Build configuration list for PBXNativeTarget "KDGradientViewTests" */ = {
			isa = XCConfigurationList;
			buildConfigurations = (
				BE38D2EB1B909E8800F052A2 /* Debug */,
				BE38D2EC1B909E8800F052A2 /* Release */,
			);
			defaultConfigurationIsVisible = 0;
			defaultConfigurationName = Release;
		};
/* End XCConfigurationList section */
	};
	rootObject = BE38D2C01B909E8700F052A2 /* Project object */;
}
